// !$*UTF8*$!
{
	archiveVersion = 1;
	classes = {
	};
	objectVersion = 56;
	objects = {

/* Begin PBXBuildFile section */
		3F1B9E852BD6B7B900523893 /* AppDelegate.m in Sources */ = {isa = PBXBuildFile; fileRef = 3F1B9E842BD6B7B900523893 /* AppDelegate.m */; };
		3F1B9E882BD6B7B900523893 /* SceneDelegate.m in Sources */ = {isa = PBXBuildFile; fileRef = 3F1B9E872BD6B7B900523893 /* SceneDelegate.m */; };
		3F1B9E8B2BD6B7B900523893 /* ViewController.m in Sources */ = {isa = PBXBuildFile; fileRef = 3F1B9E8A2BD6B7B900523893 /* ViewController.m */; };
		3F1B9E8E2BD6B7B900523893 /* Base in Resources */ = {isa = PBXBuildFile; fileRef = 3F1B9E8D2BD6B7B900523893 /* Base */; };
		3F1B9E902BD6B7BA00523893 /* Assets.xcassets in Resources */ = {isa = PBXBuildFile; fileRef = 3F1B9E8F2BD6B7BA00523893 /* Assets.xcassets */; };
		3F1B9E932BD6B7BA00523893 /* Base in Resources */ = {isa = PBXBuildFile; fileRef = 3F1B9E922BD6B7BA00523893 /* Base */; };
		3F1B9E962BD6B7BA00523893 /* main.m in Sources */ = {isa = PBXBuildFile; fileRef = 3F1B9E952BD6B7BA00523893 /* main.m */; };
		3F1B9E9D2BD6B7CD00523893 /* Friend.m in Sources */ = {isa = PBXBuildFile; fileRef = 3F1B9E9C2BD6B7CD00523893 /* Friend.m */; };
/* End PBXBuildFile section */

/* Begin PBXFileReference section */
		3F1B9E802BD6B7B900523893 /* BasicObjective-C.app */ = {isa = PBXFileReference; explicitFileType = wrapper.application; includeInIndex = 0; path = "BasicObjective-C.app"; sourceTree = BUILT_PRODUCTS_DIR; };
		3F1B9E832BD6B7B900523893 /* AppDelegate.h */ = {isa = PBXFileReference; lastKnownFileType = sourcecode.c.h; path = AppDelegate.h; sourceTree = "<group>"; };
		3F1B9E842BD6B7B900523893 /* AppDelegate.m */ = {isa = PBXFileReference; lastKnownFileType = sourcecode.c.objc; path = AppDelegate.m; sourceTree = "<group>"; };
		3F1B9E862BD6B7B900523893 /* SceneDelegate.h */ = {isa = PBXFileReference; lastKnownFileType = sourcecode.c.h; path = SceneDelegate.h; sourceTree = "<group>"; };
		3F1B9E872BD6B7B900523893 /* SceneDelegate.m */ = {isa = PBXFileReference; lastKnownFileType = sourcecode.c.objc; path = SceneDelegate.m; sourceTree = "<group>"; };
		3F1B9E892BD6B7B900523893 /* ViewController.h */ = {isa = PBXFileReference; lastKnownFileType = sourcecode.c.h; path = ViewController.h; sourceTree = "<group>"; };
		3F1B9E8A2BD6B7B900523893 /* ViewController.m */ = {isa = PBXFileReference; lastKnownFileType = sourcecode.c.objc; path = ViewController.m; sourceTree = "<group>"; };
		3F1B9E8D2BD6B7B900523893 /* Base */ = {isa = PBXFileReference; lastKnownFileType = file.storyboard; name = Base; path = Base.lproj/Main.storyboard; sourceTree = "<group>"; };
		3F1B9E8F2BD6B7BA00523893 /* Assets.xcassets */ = {isa = PBXFileReference; lastKnownFileType = folder.assetcatalog; path = Assets.xcassets; sourceTree = "<group>"; };
		3F1B9E922BD6B7BA00523893 /* Base */ = {isa = PBXFileReference; lastKnownFileType = file.storyboard; name = Base; path = Base.lproj/LaunchScreen.storyboard; sourceTree = "<group>"; };
		3F1B9E942BD6B7BA00523893 /* Info.plist */ = {isa = PBXFileReference; lastKnownFileType = text.plist.xml; path = Info.plist; sourceTree = "<group>"; };
		3F1B9E952BD6B7BA00523893 /* main.m */ = {isa = PBXFileReference; lastKnownFileType = sourcecode.c.objc; path = main.m; sourceTree = "<group>"; };
		3F1B9E9C2BD6B7CD00523893 /* Friend.m */ = {isa = PBXFileReference; lastKnownFileType = sourcecode.c.objc; path = Friend.m; sourceTree = "<group>"; };
		3F1B9E9E2BD6B7D400523893 /* Friend.h */ = {isa = PBXFileReference; lastKnownFileType = sourcecode.c.h; path = Friend.h; sourceTree = "<group>"; };
/* End PBXFileReference section */

/* Begin PBXFrameworksBuildPhase section */
		3F1B9E7D2BD6B7B900523893 /* Frameworks */ = {
			isa = PBXFrameworksBuildPhase;
			buildActionMask = 2147483647;
			files = (
			);
			runOnlyForDeploymentPostprocessing = 0;
		};
/* End PBXFrameworksBuildPhase section */

/* Begin PBXGroup section */
		3F1B9E772BD6B7B900523893 = {
			isa = PBXGroup;
			children = (
				3F1B9E822BD6B7B900523893 /* BasicObjective-C */,
				3F1B9E812BD6B7B900523893 /* Products */,
			);
			sourceTree = "<group>";
		};
		3F1B9E812BD6B7B900523893 /* Products */ = {
			isa = PBXGroup;
			children = (
				3F1B9E802BD6B7B900523893 /* BasicObjective-C.app */,
			);
			name = Products;
			sourceTree = "<group>";
		};
		3F1B9E822BD6B7B900523893 /* BasicObjective-C */ = {
			isa = PBXGroup;
			children = (
				3F1B9E832BD6B7B900523893 /* AppDelegate.h */,
				3F1B9E842BD6B7B900523893 /* AppDelegate.m */,
				3F1B9E862BD6B7B900523893 /* SceneDelegate.h */,
				3F1B9E872BD6B7B900523893 /* SceneDelegate.m */,
				3F1B9E892BD6B7B900523893 /* ViewController.h */,
				3F1B9E8A2BD6B7B900523893 /* ViewController.m */,
				3F1B9E9E2BD6B7D400523893 /* Friend.h */,
				3F1B9E9C2BD6B7CD00523893 /* Friend.m */,
				3F1B9E8C2BD6B7B900523893 /* Main.storyboard */,
				3F1B9E8F2BD6B7BA00523893 /* Assets.xcassets */,
				3F1B9E912BD6B7BA00523893 /* LaunchScreen.storyboard */,
				3F1B9E942BD6B7BA00523893 /* Info.plist */,
				3F1B9E952BD6B7BA00523893 /* main.m */,
			);
			path = "BasicObjective-C";
			sourceTree = "<group>";
		};
/* End PBXGroup section */

/* Begin PBXNativeTarget section */
		3F1B9E7F2BD6B7B900523893 /* BasicObjective-C */ = {
			isa = PBXNativeTarget;
			buildConfigurationList = 3F1B9E992BD6B7BA00523893 /* Build configuration list for PBXNativeTarget "BasicObjective-C" */;
			buildPhases = (
				3F1B9E7C2BD6B7B900523893 /* Sources */,
				3F1B9E7D2BD6B7B900523893 /* Frameworks */,
				3F1B9E7E2BD6B7B900523893 /* Resources */,
			);
			buildRules = (
			);
			dependencies = (
			);
			name = "BasicObjective-C";
			productName = "BasicObjective-C";
			productReference = 3F1B9E802BD6B7B900523893 /* BasicObjective-C.app */;
			productType = "com.apple.product-type.application";
		};
/* End PBXNativeTarget section */

/* Begin PBXProject section */
		3F1B9E782BD6B7B900523893 /* Project object */ = {
			isa = PBXProject;
			attributes = {
				BuildIndependentTargetsInParallel = 1;
				LastUpgradeCheck = 1530;
				TargetAttributes = {
					3F1B9E7F2BD6B7B900523893 = {
						CreatedOnToolsVersion = 15.3;
					};
				};
			};
			buildConfigurationList = 3F1B9E7B2BD6B7B900523893 /* Build configuration list for PBXProject "BasicObjective-C" */;
			compatibilityVersion = "Xcode 14.0";
			developmentRegion = en;
			hasScannedForEncodings = 0;
			knownRegions = (
				en,
				Base,
			);
			mainGroup = 3F1B9E772BD6B7B900523893;
			productRefGroup = 3F1B9E812BD6B7B900523893 /* Products */;
			projectDirPath = "";
			projectRoot = "";
			targets = (
				3F1B9E7F2BD6B7B900523893 /* BasicObjective-C */,
			);
		};
/* End PBXProject section */

/* Begin PBXResourcesBuildPhase section */
		3F1B9E7E2BD6B7B900523893 /* Resources */ = {
			isa = PBXResourcesBuildPhase;
			buildActionMask = 2147483647;
			files = (
				3F1B9E902BD6B7BA00523893 /* Assets.xcassets in Resources */,
				3F1B9E932BD6B7BA00523893 /* Base in Resources */,
				3F1B9E8E2BD6B7B900523893 /* Base in Resources */,
			);
			runOnlyForDeploymentPostprocessing = 0;
		};
/* End PBXResourcesBuildPhase section */

/* Begin PBXSourcesBuildPhase section */
		3F1B9E7C2BD6B7B900523893 /* Sources */ = {
			isa = PBXSourcesBuildPhase;
			buildActionMask = 2147483647;
			files = (
				3F1B9E8B2BD6B7B900523893 /* ViewController.m in Sources */,
				3F1B9E9D2BD6B7CD00523893 /* Friend.m in Sources */,
				3F1B9E852BD6B7B900523893 /* AppDelegate.m in Sources */,
				3F1B9E962BD6B7BA00523893 /* main.m in Sources */,
				3F1B9E882BD6B7B900523893 /* SceneDelegate.m in Sources */,
			);
			runOnlyForDeploymentPostprocessing = 0;
		};
/* End PBXSourcesBuildPhase section */

/* Begin PBXVariantGroup section */
		3F1B9E8C2BD6B7B900523893 /* Main.storyboard */ = {
			isa = PBXVariantGroup;
			children = (
				3F1B9E8D2BD6B7B900523893 /* Base */,
			);
			name = Main.storyboard;
			sourceTree = "<group>";
		};
		3F1B9E912BD6B7BA00523893 /* LaunchScreen.storyboard */ = {
			isa = PBXVariantGroup;
			children = (
				3F1B9E922BD6B7BA00523893 /* Base */,
			);
			name = LaunchScreen.storyboard;
			sourceTree = "<group>";
		};
/* End PBXVariantGroup section */

/* Begin XCBuildConfiguration section */
		3F1B9E972BD6B7BA00523893 /* Debug */ = {
			isa = XCBuildConfiguration;
			buildSettings = {
				ALWAYS_SEARCH_USER_PATHS = NO;
				ASSETCATALOG_COMPILER_GENERATE_SWIFT_ASSET_SYMBOL_EXTENSIONS = YES;
				CLANG_ANALYZER_NONNULL = YES;
				CLANG_ANALYZER_NUMBER_OBJECT_CONVERSION = YES_AGGRESSIVE;
				CLANG_CXX_LANGUAGE_STANDARD = "gnu++20";
				CLANG_ENABLE_MODULES = YES;
				CLANG_ENABLE_OBJC_ARC = YES;
				CLANG_ENABLE_OBJC_WEAK = YES;
				CLANG_WARN_BLOCK_CAPTURE_AUTORELEASING = YES;
				CLANG_WARN_BOOL_CONVERSION = YES;
				CLANG_WARN_COMMA = YES;
				CLANG_WARN_CONSTANT_CONVERSION = YES;
				CLANG_WARN_DEPRECATED_OBJC_IMPLEMENTATIONS = YES;
				CLANG_WARN_DIRECT_OBJC_ISA_USAGE = YES_ERROR;
				CLANG_WARN_DOCUMENTATION_COMMENTS = YES;
				CLANG_WARN_EMPTY_BODY = YES;
				CLANG_WARN_ENUM_CONVERSION = YES;
				CLANG_WARN_INFINITE_RECURSION = YES;
				CLANG_WARN_INT_CONVERSION = YES;
				CLANG_WARN_NON_LITERAL_NULL_CONVERSION = YES;
				CLANG_WARN_OBJC_IMPLICIT_RETAIN_SELF = YES;
				CLANG_WARN_OBJC_LITERAL_CONVERSION = YES;
				CLANG_WARN_OBJC_ROOT_CLASS = YES_ERROR;
				CLANG_WARN_QUOTED_INCLUDE_IN_FRAMEWORK_HEADER = YES;
				CLANG_WARN_RANGE_LOOP_ANALYSIS = YES;
				CLANG_WARN_STRICT_PROTOTYPES = YES;
				CLANG_WARN_SUSPICIOUS_MOVE = YES;
				CLANG_WARN_UNGUARDED_AVAILABILITY = YES_AGGRESSIVE;
				CLANG_WARN_UNREACHABLE_CODE = YES;
				CLANG_WARN__DUPLICATE_METHOD_MATCH = YES;
				COPY_PHASE_STRIP = NO;
				DEBUG_INFORMATION_FORMAT = dwarf;
				ENABLE_STRICT_OBJC_MSGSEND = YES;
				ENABLE_TESTABILITY = YES;
				ENABLE_USER_SCRIPT_SANDBOXING = YES;
				GCC_C_LANGUAGE_STANDARD = gnu17;
				GCC_DYNAMIC_NO_PIC = NO;
				GCC_NO_COMMON_BLOCKS = YES;
				GCC_OPTIMIZATION_LEVEL = 0;
				GCC_PREPROCESSOR_DEFINITIONS = (
					"DEBUG=1",
					"$(inherited)",
				);
				GCC_WARN_64_TO_32_BIT_CONVERSION = YES;
				GCC_WARN_ABOUT_RETURN_TYPE = YES_ERROR;
				GCC_WARN_UNDECLARED_SELECTOR = YES;
				GCC_WARN_UNINITIALIZED_AUTOS = YES_AGGRESSIVE;
				GCC_WARN_UNUSED_FUNCTION = YES;
				GCC_WARN_UNUSED_VARIABLE = YES;
				IPHONEOS_DEPLOYMENT_TARGET = 17.4;
				LOCALIZATION_PREFERS_STRING_CATALOGS = YES;
				MTL_ENABLE_DEBUG_INFO = INCLUDE_SOURCE;
				MTL_FAST_MATH = YES;
				ONLY_ACTIVE_ARCH = YES;
				SDKROOT = iphoneos;
			};
			name = Debug;
		};
		3F1B9E982BD6B7BA00523893 /* Release */ = {
			isa = XCBuildConfiguration;
			buildSettings = {
				ALWAYS_SEARCH_USER_PATHS = NO;
				ASSETCATALOG_COMPILER_GENERATE_SWIFT_ASSET_SYMBOL_EXTENSIONS = YES;
				CLANG_ANALYZER_NONNULL = YES;
				CLANG_ANALYZER_NUMBER_OBJECT_CONVERSION = YES_AGGRESSIVE;
				CLANG_CXX_LANGUAGE_STANDARD = "gnu++20";
				CLANG_ENABLE_MODULES = YES;
				CLANG_ENABLE_OBJC_ARC = YES;
				CLANG_ENABLE_OBJC_WEAK = YES;
				CLANG_WARN_BLOCK_CAPTURE_AUTORELEASING = YES;
				CLANG_WARN_BOOL_CONVERSION = YES;
				CLANG_WARN_COMMA = YES;
				CLANG_WARN_CONSTANT_CONVERSION = YES;
				CLANG_WARN_DEPRECATED_OBJC_IMPLEMENTATIONS = YES;
				CLANG_WARN_DIRECT_OBJC_ISA_USAGE = YES_ERROR;
				CLANG_WARN_DOCUMENTATION_COMMENTS = YES;
				CLANG_WARN_EMPTY_BODY = YES;
				CLANG_WARN_ENUM_CONVERSION = YES;
				CLANG_WARN_INFINITE_RECURSION = YES;
				CLANG_WARN_INT_CONVERSION = YES;
				CLANG_WARN_NON_LITERAL_NULL_CONVERSION = YES;
				CLANG_WARN_OBJC_IMPLICIT_RETAIN_SELF = YES;
				CLANG_WARN_OBJC_LITERAL_CONVERSION = YES;
				CLANG_WARN_OBJC_ROOT_CLASS = YES_ERROR;
				CLANG_WARN_QUOTED_INCLUDE_IN_FRAMEWORK_HEADER = YES;
				CLANG_WARN_RANGE_LOOP_ANALYSIS = YES;
				CLANG_WARN_STRICT_PROTOTYPES = YES;
				CLANG_WARN_SUSPICIOUS_MOVE = YES;
				CLANG_WARN_UNGUARDED_AVAILABILITY = YES_AGGRESSIVE;
				CLANG_WARN_UNREACHABLE_CODE = YES;
				CLANG_WARN__DUPLICATE_METHOD_MATCH = YES;
				COPY_PHASE_STRIP = NO;
				DEBUG_INFORMATION_FORMAT = "dwarf-with-dsym";
				ENABLE_NS_ASSERTIONS = NO;
				ENABLE_STRICT_OBJC_MSGSEND = YES;
				ENABLE_USER_SCRIPT_SANDBOXING = YES;
				GCC_C_LANGUAGE_STANDARD = gnu17;
				GCC_NO_COMMON_BLOCKS = YES;
				GCC_WARN_64_TO_32_BIT_CONVERSION = YES;
				GCC_WARN_ABOUT_RETURN_TYPE = YES_ERROR;
				GCC_WARN_UNDECLARED_SELECTOR = YES;
				GCC_WARN_UNINITIALIZED_AUTOS = YES_AGGRESSIVE;
				GCC_WARN_UNUSED_FUNCTION = YES;
				GCC_WARN_UNUSED_VARIABLE = YES;
				IPHONEOS_DEPLOYMENT_TARGET = 17.4;
				LOCALIZATION_PREFERS_STRING_CATALOGS = YES;
				MTL_ENABLE_DEBUG_INFO = NO;
				MTL_FAST_MATH = YES;
				SDKROOT = iphoneos;
				VALIDATE_PRODUCT = YES;
			};
			name = Release;
		};
		3F1B9E9A2BD6B7BA00523893 /* Debug */ = {
			isa = XCBuildConfiguration;
			buildSettings = {
				ASSETCATALOG_COMPILER_APPICON_NAME = AppIcon;
				ASSETCATALOG_COMPILER_GLOBAL_ACCENT_COLOR_NAME = AccentColor;
				CODE_SIGN_STYLE = Automatic;
				CURRENT_PROJECT_VERSION = 1;
				DEVELOPMENT_TEAM = KQR52SK4D7;
				GENERATE_INFOPLIST_FILE = YES;
				INFOPLIST_FILE = "BasicObjective-C/Info.plist";
				INFOPLIST_KEY_UIApplicationSupportsIndirectInputEvents = YES;
				INFOPLIST_KEY_UILaunchStoryboardName = LaunchScreen;
				INFOPLIST_KEY_UIMainStoryboardFile = Main;
				INFOPLIST_KEY_UISupportedInterfaceOrientations_iPad = "UIInterfaceOrientationPortrait UIInterfaceOrientationPortraitUpsideDown UIInterfaceOrientationLandscapeLeft UIInterfaceOrientationLandscapeRight";
				INFOPLIST_KEY_UISupportedInterfaceOrientations_iPhone = "UIInterfaceOrientationPortrait UIInterfaceOrientationLandscapeLeft UIInterfaceOrientationLandscapeRight";
				LD_RUNPATH_SEARCH_PATHS = (
					"$(inherited)",
					"@executable_path/Frameworks",
				);
				MARKETING_VERSION = 1.0;
				PRODUCT_BUNDLE_IDENTIFIER = "yeohoon-jang.BasicObjective-C";
				PRODUCT_NAME = "$(TARGET_NAME)";
				SWIFT_EMIT_LOC_STRINGS = YES;
				TARGETED_DEVICE_FAMILY = "1,2";
			};
			name = Debug;
		};
		3F1B9E9B2BD6B7BA00523893 /* Release */ = {
			isa = XCBuildConfiguration;
			buildSettings = {
				ASSETCATALOG_COMPILER_APPICON_NAME = AppIcon;
				ASSETCATALOG_COMPILER_GLOBAL_ACCENT_COLOR_NAME = AccentColor;
				CODE_SIGN_STYLE = Automatic;
				CURRENT_PROJECT_VERSION = 1;
				DEVELOPMENT_TEAM = KQR52SK4D7;
				GENERATE_INFOPLIST_FILE = YES;
				INFOPLIST_FILE = "BasicObjective-C/Info.plist";
				INFOPLIST_KEY_UIApplicationSupportsIndirectInputEvents = YES;
				INFOPLIST_KEY_UILaunchStoryboardName = LaunchScreen;
				INFOPLIST_KEY_UIMainStoryboardFile = Main;
				INFOPLIST_KEY_UISupportedInterfaceOrientations_iPad = "UIInterfaceOrientationPortrait UIInterfaceOrientationPortraitUpsideDown UIInterfaceOrientationLandscapeLeft UIInterfaceOrientationLandscapeRight";
				INFOPLIST_KEY_UISupportedInterfaceOrientations_iPhone = "UIInterfaceOrientationPortrait UIInterfaceOrientationLandscapeLeft UIInterfaceOrientationLandscapeRight";
				LD_RUNPATH_SEARCH_PATHS = (
					"$(inherited)",
					"@executable_path/Frameworks",
				);
				MARKETING_VERSION = 1.0;
				PRODUCT_BUNDLE_IDENTIFIER = "yeohoon-jang.BasicObjective-C";
				PRODUCT_NAME = "$(TARGET_NAME)";
				SWIFT_EMIT_LOC_STRINGS = YES;
				TARGETED_DEVICE_FAMILY = "1,2";
			};
			name = Release;
		};
/* End XCBuildConfiguration section */

/* Begin XCConfigurationList section */
		3F1B9E7B2BD6B7B900523893 /* Build configuration list for PBXProject "BasicObjective-C" */ = {
			isa = XCConfigurationList;
			buildConfigurations = (
				3F1B9E972BD6B7BA00523893 /* Debug */,
				3F1B9E982BD6B7BA00523893 /* Release */,
			);
			defaultConfigurationIsVisible = 0;
			defaultConfigurationName = Release;
		};
		3F1B9E992BD6B7BA00523893 /* Build configuration list for PBXNativeTarget "BasicObjective-C" */ = {
			isa = XCConfigurationList;
			buildConfigurations = (
				3F1B9E9A2BD6B7BA00523893 /* Debug */,
				3F1B9E9B2BD6B7BA00523893 /* Release */,
			);
			defaultConfigurationIsVisible = 0;
			defaultConfigurationName = Release;
		};
/* End XCConfigurationList section */
	};
	rootObject = 3F1B9E782BD6B7B900523893 /* Project object */;
}
