PODS:
  - QRCodeReaderViewController (4.0.2)

DEPENDENCIES:
  - QRCodeReaderViewController (~> 4.0.2)

SPEC REPOS:
  trunk:
    - QRCodeReaderViewController

SPEC CHECKSUMS:
  QRCodeReaderViewController: e8f27d035b3e72b1d4b1c61ff66458287e3be0ff

PODFILE CHECKSUM: de665af4828f0f60166335313521e59494313f9c

COCOAPODS: 1.15.2
